
Microsoft Visual Studio Solution File, Format Version 12.00
# Visual Studio Version 16
VisualStudioVersion = 16.0.29613.14
MinimumVisualStudioVersion = 10.0.40219.1
Project("{FAE04EC0-301F-11D3-BF4B-00C04F79EFBC}") = "WebApplication2", "WebApplication2.csproj", "{F9B81779-84F8-436D-85ED-B30921D6BBC3}"
EndProject
Global
	GlobalSection(SolutionConfigurationPlatforms) = preSolution
		Debug|Any CPU = Debug|Any CPU
		Release|Any CPU = Release|Any CPU
	EndGlobalSection
	GlobalSection(ProjectConfigurationPlatforms) = postSolution
		{F9B81779-84F8-436D-85ED-B30921D6BBC3}.Debug|Any CPU.ActiveCfg = Debug|Any CPU
		{F9B81779-84F8-436D-85ED-B30921D6BBC3}.Debug|Any CPU.Build.0 = Debug|Any CPU
		{F9B81779-84F8-436D-85ED-B30921D6BBC3}.Release|Any CPU.ActiveCfg = Release|Any CPU
		{F9B81779-84F8-436D-85ED-B30921D6BBC3}.Release|Any CPU.Build.0 = Release|Any CPU
	EndGlobalSection
	GlobalSection(SolutionProperties) = preSolution
		HideSolutionNode = FALSE
	EndGlobalSection
	GlobalSection(ExtensibilityGlobals) = postSolution
		SolutionGuid = {69EFF1EA-9E4C-4176-9A6F-359627EED11D}
	EndGlobalSection
EndGlobal
